
Microsoft Visual Studio Solution File, Format Version 12.00
# Visual Studio 15
VisualStudioVersion = 15.0.28307.1062
MinimumVisualStudioVersion = 10.0.40219.1
Project("{FAE04EC0-301F-11D3-BF4B-00C04F79EFBC}") = "JonasTest", "JonasTest\JonasTest.csproj", "{34C27235-41BE-457F-825C-C26C874D84A8}"
EndProject
Project("{FAE04EC0-301F-11D3-BF4B-00C04F79EFBC}") = "Data", "Data\Data.csproj", "{F13CAB83-C79E-47DE-8708-64312E2DE2B0}"
EndProject
Global
	GlobalSection(SolutionConfigurationPlatforms) = preSolution
		Debug|Any CPU = Debug|Any CPU
		Release|Any CPU = Release|Any CPU
	EndGlobalSection
	GlobalSection(ProjectConfigurationPlatforms) = postSolution
		{34C27235-41BE-457F-825C-C26C874D84A8}.Debug|Any CPU.ActiveCfg = Debug|Any CPU
		{34C27235-41BE-457F-825C-C26C874D84A8}.Debug|Any CPU.Build.0 = Debug|Any CPU
		{34C27235-41BE-457F-825C-C26C874D84A8}.Release|Any CPU.ActiveCfg = Release|Any CPU
		{34C27235-41BE-457F-825C-C26C874D84A8}.Release|Any CPU.Build.0 = Release|Any CPU
		{F13CAB83-C79E-47DE-8708-64312E2DE2B0}.Debug|Any CPU.ActiveCfg = Debug|Any CPU
		{F13CAB83-C79E-47DE-8708-64312E2DE2B0}.Debug|Any CPU.Build.0 = Debug|Any CPU
		{F13CAB83-C79E-47DE-8708-64312E2DE2B0}.Release|Any CPU.ActiveCfg = Release|Any CPU
		{F13CAB83-C79E-47DE-8708-64312E2DE2B0}.Release|Any CPU.Build.0 = Release|Any CPU
	EndGlobalSection
	GlobalSection(SolutionProperties) = preSolution
		HideSolutionNode = FALSE
	EndGlobalSection
	GlobalSection(ExtensibilityGlobals) = postSolution
		SolutionGuid = {D92B3C68-5386-431B-98D0-2B9362BFBA1F}
	EndGlobalSection
EndGlobal
